
Microsoft Visual Studio Solution File, Format Version 12.00
# Visual Studio 14
VisualStudioVersion = 14.0.23107.0
MinimumVisualStudioVersion = 10.0.40219.1
Project("{FAE04EC0-301F-11D3-BF4B-00C04F79EFBC}") = "AccountAtAGlance.Model", "AccountAtAGlance.Model\AccountAtAGlance.Model.csproj", "{6561BDA3-944D-4969-8A4E-7CBBF1E9089A}"
EndProject
Project("{FAE04EC0-301F-11D3-BF4B-00C04F79EFBC}") = "AccountsAtAGlance", "AccountsAtAGlance\AccountsAtAGlance.csproj", "{914E11F9-F81A-425A-AD57-CBC46675E3D6}"
EndProject
Global
	GlobalSection(SolutionConfigurationPlatforms) = preSolution
		Debug|Any CPU = Debug|Any CPU
		Release|Any CPU = Release|Any CPU
	EndGlobalSection
	GlobalSection(ProjectConfigurationPlatforms) = postSolution
		{6561BDA3-944D-4969-8A4E-7CBBF1E9089A}.Debug|Any CPU.ActiveCfg = Debug|Any CPU
		{6561BDA3-944D-4969-8A4E-7CBBF1E9089A}.Debug|Any CPU.Build.0 = Debug|Any CPU
		{6561BDA3-944D-4969-8A4E-7CBBF1E9089A}.Release|Any CPU.ActiveCfg = Release|Any CPU
		{6561BDA3-944D-4969-8A4E-7CBBF1E9089A}.Release|Any CPU.Build.0 = Release|Any CPU
		{914E11F9-F81A-425A-AD57-CBC46675E3D6}.Debug|Any CPU.ActiveCfg = Debug|Any CPU
		{914E11F9-F81A-425A-AD57-CBC46675E3D6}.Debug|Any CPU.Build.0 = Debug|Any CPU
		{914E11F9-F81A-425A-AD57-CBC46675E3D6}.Release|Any CPU.ActiveCfg = Release|Any CPU
		{914E11F9-F81A-425A-AD57-CBC46675E3D6}.Release|Any CPU.Build.0 = Release|Any CPU
	EndGlobalSection
	GlobalSection(SolutionProperties) = preSolution
		HideSolutionNode = FALSE
	EndGlobalSection
EndGlobal
