
Microsoft Visual Studio Solution File, Format Version 12.00
# Visual Studio 14
VisualStudioVersion = 14.0.23107.0
MinimumVisualStudioVersion = 10.0.40219.1
Project("{FAE04EC0-301F-11D3-BF4B-00C04F79EFBC}") = "AccountAtAGlance", "..\..\..\Training\AccountAtAGlance\1-web-development-m1-at-a-glance-exercise-files\demos\After\AccountAtAGlance\AccountAtAGlance\AccountAtAGlance.csproj", "{3316FE5A-AA14-45F5-B67B-F4F0BA7E443C}"
EndProject
Global
	GlobalSection(SolutionConfigurationPlatforms) = preSolution
		Debug|Any CPU = Debug|Any CPU
		Release|Any CPU = Release|Any CPU
	EndGlobalSection
	GlobalSection(ProjectConfigurationPlatforms) = postSolution
		{3316FE5A-AA14-45F5-B67B-F4F0BA7E443C}.Debug|Any CPU.ActiveCfg = Debug|Any CPU
		{3316FE5A-AA14-45F5-B67B-F4F0BA7E443C}.Debug|Any CPU.Build.0 = Debug|Any CPU
		{3316FE5A-AA14-45F5-B67B-F4F0BA7E443C}.Release|Any CPU.ActiveCfg = Release|Any CPU
		{3316FE5A-AA14-45F5-B67B-F4F0BA7E443C}.Release|Any CPU.Build.0 = Release|Any CPU
	EndGlobalSection
	GlobalSection(SolutionProperties) = preSolution
		HideSolutionNode = FALSE
	EndGlobalSection
EndGlobal
